{
  "name": "homepage",
  "lockfileVersion": 3,
  "requires": true,
  "packages": {
    "": {
      "devDependencies": {
        "slop-gate": "^0.5.0"
      }
    },
    "node_modules/slop-gate": {
      "version": "0.5.0",
      "resolved": "https://registry.npmjs.org/slop-gate/-/slop-gate-0.5.0.tgz",
      "integrity": "sha512-gSt8hWVkp1p5cPdAxeY6BVt9+MEt537k2zTEQiqeZeG95lneQCEPoR3ah1k4GdVhiR50PMVM+65HXvkjR/QRfw==",
      "dev": true,
      "license": "MIT",
      "bin": {
        "slop-gate": "bin/slop-gate.js"
      },
      "engines": {
        "node": ">=18"
      }
    }
  }
}
